// !$*UTF8*$!
{
	archiveVersion = 1;
	classes = {
	};
	objectVersion = 50;
	objects = {

/* Begin PBXBuildFile section */
		9E0578106B30D1736FCFA598 /* Pods_TripStopTests.framework in Frameworks */ = {isa = PBXBuildFile; fileRef = 1D1D9CE930E85A7E4B738BBE /* Pods_TripStopTests.framework */; };
		A9A51439DDC75071A3F29202 /* Pods_TripStop.framework in Frameworks */ = {isa = PBXBuildFile; fileRef = B8582B4FA6ED5B68DE4345D0 /* Pods_TripStop.framework */; };
		B866286E2263BDBC00734189 /* HomePageViewController.swift in Sources */ = {isa = PBXBuildFile; fileRef = B866286D2263BDBC00734189 /* HomePageViewController.swift */; };
		B86628702263BFC500734189 /* Helper.swift in Sources */ = {isa = PBXBuildFile; fileRef = B866286F2263BFC500734189 /* Helper.swift */; };
		B86628722263EF0400734189 /* TripTableViewCell.swift in Sources */ = {isa = PBXBuildFile; fileRef = B86628712263EF0400734189 /* TripTableViewCell.swift */; };
		B86628742263F43600734189 /* AddTripViewController.swift in Sources */ = {isa = PBXBuildFile; fileRef = B86628732263F43600734189 /* AddTripViewController.swift */; };
		B86F95E12252CCCC00933050 /* AppDelegate.swift in Sources */ = {isa = PBXBuildFile; fileRef = B86F95E02252CCCC00933050 /* AppDelegate.swift */; };
		B86F95E32252CCCC00933050 /* ViewController.swift in Sources */ = {isa = PBXBuildFile; fileRef = B86F95E22252CCCC00933050 /* ViewController.swift */; };
		B86F95E62252CCCC00933050 /* Main.storyboard in Resources */ = {isa = PBXBuildFile; fileRef = B86F95E42252CCCC00933050 /* Main.storyboard */; };
		B86F95E92252CCCC00933050 /* TripStop.xcdatamodeld in Sources */ = {isa = PBXBuildFile; fileRef = B86F95E72252CCCC00933050 /* TripStop.xcdatamodeld */; };
		B86F95EB2252CCCE00933050 /* Assets.xcassets in Resources */ = {isa = PBXBuildFile; fileRef = B86F95EA2252CCCE00933050 /* Assets.xcassets */; };
		B86F95EE2252CCCE00933050 /* LaunchScreen.storyboard in Resources */ = {isa = PBXBuildFile; fileRef = B86F95EC2252CCCE00933050 /* LaunchScreen.storyboard */; };
		B86F95F92252CCCE00933050 /* TripStopTests.swift in Sources */ = {isa = PBXBuildFile; fileRef = B86F95F82252CCCE00933050 /* TripStopTests.swift */; };
		B86F96042252CCCE00933050 /* TripStopUITests.swift in Sources */ = {isa = PBXBuildFile; fileRef = B86F96032252CCCE00933050 /* TripStopUITests.swift */; };
		B89E1FB62263B77600E31329 /* User.swift in Sources */ = {isa = PBXBuildFile; fileRef = B89E1FB52263B77600E31329 /* User.swift */; };
		F8EFB7253D4BC9441DA83894 /* Pods_TripStopUITests.framework in Frameworks */ = {isa = PBXBuildFile; fileRef = 39DDB6C12FF289E8A0974570 /* Pods_TripStopUITests.framework */; };
/* End PBXBuildFile section */

/* Begin PBXContainerItemProxy section */
		B86F95F52252CCCE00933050 /* PBXContainerItemProxy */ = {
			isa = PBXContainerItemProxy;
			containerPortal = B86F95D52252CCCC00933050 /* Project object */;
			proxyType = 1;
			remoteGlobalIDString = B86F95DC2252CCCC00933050;
			remoteInfo = TripStop;
		};
		B86F96002252CCCE00933050 /* PBXContainerItemProxy */ = {
			isa = PBXContainerItemProxy;
			containerPortal = B86F95D52252CCCC00933050 /* Project object */;
			proxyType = 1;
			remoteGlobalIDString = B86F95DC2252CCCC00933050;
			remoteInfo = TripStop;
		};
/* End PBXContainerItemProxy section */

/* Begin PBXFileReference section */
		0BA806A7AE00605EAA47E6E5 /* Pods-TripStop.release.xcconfig */ = {isa = PBXFileReference; includeInIndex = 1; lastKnownFileType = text.xcconfig; name = "Pods-TripStop.release.xcconfig"; path = "Target Support Files/Pods-TripStop/Pods-TripStop.release.xcconfig"; sourceTree = "<group>"; };
		0E2D9692004D29ACB09AFF36 /* Pods-TripStop.debug.xcconfig */ = {isa = PBXFileReference; includeInIndex = 1; lastKnownFileType = text.xcconfig; name = "Pods-TripStop.debug.xcconfig"; path = "Target Support Files/Pods-TripStop/Pods-TripStop.debug.xcconfig"; sourceTree = "<group>"; };
		1D1D9CE930E85A7E4B738BBE /* Pods_TripStopTests.framework */ = {isa = PBXFileReference; explicitFileType = wrapper.framework; includeInIndex = 0; path = Pods_TripStopTests.framework; sourceTree = BUILT_PRODUCTS_DIR; };
		295A571FA1141C0D639C2FE9 /* Pods-TripStopUITests.release.xcconfig */ = {isa = PBXFileReference; includeInIndex = 1; lastKnownFileType = text.xcconfig; name = "Pods-TripStopUITests.release.xcconfig"; path = "Target Support Files/Pods-TripStopUITests/Pods-TripStopUITests.release.xcconfig"; sourceTree = "<group>"; };
		39DDB6C12FF289E8A0974570 /* Pods_TripStopUITests.framework */ = {isa = PBXFileReference; explicitFileType = wrapper.framework; includeInIndex = 0; path = Pods_TripStopUITests.framework; sourceTree = BUILT_PRODUCTS_DIR; };
		6B774551E87DD9BB765C3248 /* Pods-TripStopTests.release.xcconfig */ = {isa = PBXFileReference; includeInIndex = 1; lastKnownFileType = text.xcconfig; name = "Pods-TripStopTests.release.xcconfig"; path = "Target Support Files/Pods-TripStopTests/Pods-TripStopTests.release.xcconfig"; sourceTree = "<group>"; };
		7EE4B287D62C8E7043D664B3 /* Pods-TripStopTests.debug.xcconfig */ = {isa = PBXFileReference; includeInIndex = 1; lastKnownFileType = text.xcconfig; name = "Pods-TripStopTests.debug.xcconfig"; path = "Target Support Files/Pods-TripStopTests/Pods-TripStopTests.debug.xcconfig"; sourceTree = "<group>"; };
		9B628AAEEDD3691CB61A97ED /* Pods-TripStopUITests.debug.xcconfig */ = {isa = PBXFileReference; includeInIndex = 1; lastKnownFileType = text.xcconfig; name = "Pods-TripStopUITests.debug.xcconfig"; path = "Target Support Files/Pods-TripStopUITests/Pods-TripStopUITests.debug.xcconfig"; sourceTree = "<group>"; };
		B8582B4FA6ED5B68DE4345D0 /* Pods_TripStop.framework */ = {isa = PBXFileReference; explicitFileType = wrapper.framework; includeInIndex = 0; path = Pods_TripStop.framework; sourceTree = BUILT_PRODUCTS_DIR; };
		B866286D2263BDBC00734189 /* HomePageViewController.swift */ = {isa = PBXFileReference; lastKnownFileType = sourcecode.swift; path = HomePageViewController.swift; sourceTree = "<group>"; };
		B866286F2263BFC500734189 /* Helper.swift */ = {isa = PBXFileReference; lastKnownFileType = sourcecode.swift; path = Helper.swift; sourceTree = "<group>"; };
		B86628712263EF0400734189 /* TripTableViewCell.swift */ = {isa = PBXFileReference; lastKnownFileType = sourcecode.swift; path = TripTableViewCell.swift; sourceTree = "<group>"; };
		B86628732263F43600734189 /* AddTripViewController.swift */ = {isa = PBXFileReference; lastKnownFileType = sourcecode.swift; path = AddTripViewController.swift; sourceTree = "<group>"; };
		B86F95DD2252CCCC00933050 /* TripStop.app */ = {isa = PBXFileReference; explicitFileType = wrapper.application; includeInIndex = 0; path = TripStop.app; sourceTree = BUILT_PRODUCTS_DIR; };
		B86F95E02252CCCC00933050 /* AppDelegate.swift */ = {isa = PBXFileReference; lastKnownFileType = sourcecode.swift; path = AppDelegate.swift; sourceTree = "<group>"; };
		B86F95E22252CCCC00933050 /* ViewController.swift */ = {isa = PBXFileReference; lastKnownFileType = sourcecode.swift; path = ViewController.swift; sourceTree = "<group>"; };
		B86F95E52252CCCC00933050 /* Base */ = {isa = PBXFileReference; lastKnownFileType = file.storyboard; name = Base; path = Base.lproj/Main.storyboard; sourceTree = "<group>"; };
		B86F95E82252CCCC00933050 /* TripStop.xcdatamodel */ = {isa = PBXFileReference; lastKnownFileType = wrapper.xcdatamodel; path = TripStop.xcdatamodel; sourceTree = "<group>"; };
		B86F95EA2252CCCE00933050 /* Assets.xcassets */ = {isa = PBXFileReference; lastKnownFileType = folder.assetcatalog; path = Assets.xcassets; sourceTree = "<group>"; };
		B86F95ED2252CCCE00933050 /* Base */ = {isa = PBXFileReference; lastKnownFileType = file.storyboard; name = Base; path = Base.lproj/LaunchScreen.storyboard; sourceTree = "<group>"; };
		B86F95EF2252CCCE00933050 /* Info.plist */ = {isa = PBXFileReference; lastKnownFileType = text.plist.xml; path = Info.plist; sourceTree = "<group>"; };
		B86F95F42252CCCE00933050 /* TripStopTests.xctest */ = {isa = PBXFileReference; explicitFileType = wrapper.cfbundle; includeInIndex = 0; path = TripStopTests.xctest; sourceTree = BUILT_PRODUCTS_DIR; };
		B86F95F82252CCCE00933050 /* TripStopTests.swift */ = {isa = PBXFileReference; lastKnownFileType = sourcecode.swift; path = TripStopTests.swift; sourceTree = "<group>"; };
		B86F95FA2252CCCE00933050 /* Info.plist */ = {isa = PBXFileReference; lastKnownFileType = text.plist.xml; path = Info.plist; sourceTree = "<group>"; };
		B86F95FF2252CCCE00933050 /* TripStopUITests.xctest */ = {isa = PBXFileReference; explicitFileType = wrapper.cfbundle; includeInIndex = 0; path = TripStopUITests.xctest; sourceTree = BUILT_PRODUCTS_DIR; };
		B86F96032252CCCE00933050 /* TripStopUITests.swift */ = {isa = PBXFileReference; lastKnownFileType = sourcecode.swift; path = TripStopUITests.swift; sourceTree = "<group>"; };
		B86F96052252CCCE00933050 /* Info.plist */ = {isa = PBXFileReference; lastKnownFileType = text.plist.xml; path = Info.plist; sourceTree = "<group>"; };
		B89E1FB52263B77600E31329 /* User.swift */ = {isa = PBXFileReference; lastKnownFileType = sourcecode.swift; path = User.swift; sourceTree = "<group>"; };
/* End PBXFileReference section */

/* Begin PBXFrameworksBuildPhase section */
		B86F95DA2252CCCC00933050 /* Frameworks */ = {
			isa = PBXFrameworksBuildPhase;
			buildActionMask = 2147483647;
			files = (
				A9A51439DDC75071A3F29202 /* Pods_TripStop.framework in Frameworks */,
			);
			runOnlyForDeploymentPostprocessing = 0;
		};
		B86F95F12252CCCE00933050 /* Frameworks */ = {
			isa = PBXFrameworksBuildPhase;
			buildActionMask = 2147483647;
			files = (
				9E0578106B30D1736FCFA598 /* Pods_TripStopTests.framework in Frameworks */,
			);
			runOnlyForDeploymentPostprocessing = 0;
		};
		B86F95FC2252CCCE00933050 /* Frameworks */ = {
			isa = PBXFrameworksBuildPhase;
			buildActionMask = 2147483647;
			files = (
				F8EFB7253D4BC9441DA83894 /* Pods_TripStopUITests.framework in Frameworks */,
			);
			runOnlyForDeploymentPostprocessing = 0;
		};
/* End PBXFrameworksBuildPhase section */

/* Begin PBXGroup section */
		4B9384501D6244BD3BC2680A /* Pods */ = {
			isa = PBXGroup;
			children = (
				0E2D9692004D29ACB09AFF36 /* Pods-TripStop.debug.xcconfig */,
				0BA806A7AE00605EAA47E6E5 /* Pods-TripStop.release.xcconfig */,
				7EE4B287D62C8E7043D664B3 /* Pods-TripStopTests.debug.xcconfig */,
				6B774551E87DD9BB765C3248 /* Pods-TripStopTests.release.xcconfig */,
				9B628AAEEDD3691CB61A97ED /* Pods-TripStopUITests.debug.xcconfig */,
				295A571FA1141C0D639C2FE9 /* Pods-TripStopUITests.release.xcconfig */,
			);
			path = Pods;
			sourceTree = "<group>";
		};
		B86F95D42252CCCC00933050 = {
			isa = PBXGroup;
			children = (
				B86F95DF2252CCCC00933050 /* TripStop */,
				B86F95F72252CCCE00933050 /* TripStopTests */,
				B86F96022252CCCE00933050 /* TripStopUITests */,
				B86F95DE2252CCCC00933050 /* Products */,
				4B9384501D6244BD3BC2680A /* Pods */,
				ED6264C28468593113C4EE8E /* Frameworks */,
			);
			sourceTree = "<group>";
		};
		B86F95DE2252CCCC00933050 /* Products */ = {
			isa = PBXGroup;
			children = (
				B86F95DD2252CCCC00933050 /* TripStop.app */,
				B86F95F42252CCCE00933050 /* TripStopTests.xctest */,
				B86F95FF2252CCCE00933050 /* TripStopUITests.xctest */,
			);
			name = Products;
			sourceTree = "<group>";
		};
		B86F95DF2252CCCC00933050 /* TripStop */ = {
			isa = PBXGroup;
			children = (
				B86F96172252E5E600933050 /* Supporting Files */,
				B86F96162252E5DF00933050 /* Helpers */,
				B86F96152252E5D400933050 /* Caching */,
				B86F96142252E5CB00933050 /* Networking */,
				B86F96132252E5C500933050 /* Controllers */,
				B86F96122252E5C000933050 /* Views */,
				B86F96112252E5B900933050 /* Models */,
				B86F95E02252CCCC00933050 /* AppDelegate.swift */,
				B86F95E22252CCCC00933050 /* ViewController.swift */,
				B86F95E42252CCCC00933050 /* Main.storyboard */,
				B86F95EA2252CCCE00933050 /* Assets.xcassets */,
				B86F95EC2252CCCE00933050 /* LaunchScreen.storyboard */,
				B86F95EF2252CCCE00933050 /* Info.plist */,
				B86F95E72252CCCC00933050 /* TripStop.xcdatamodeld */,
			);
			path = TripStop;
			sourceTree = "<group>";
		};
		B86F95F72252CCCE00933050 /* TripStopTests */ = {
			isa = PBXGroup;
			children = (
				B86F95F82252CCCE00933050 /* TripStopTests.swift */,
				B86F95FA2252CCCE00933050 /* Info.plist */,
			);
			path = TripStopTests;
			sourceTree = "<group>";
		};
		B86F96022252CCCE00933050 /* TripStopUITests */ = {
			isa = PBXGroup;
			children = (
				B86F96032252CCCE00933050 /* TripStopUITests.swift */,
				B86F96052252CCCE00933050 /* Info.plist */,
			);
			path = TripStopUITests;
			sourceTree = "<group>";
		};
		B86F96112252E5B900933050 /* Models */ = {
			isa = PBXGroup;
			children = (
				B89E1FB52263B77600E31329 /* User.swift */,
			);
			path = Models;
			sourceTree = "<group>";
		};
		B86F96122252E5C000933050 /* Views */ = {
			isa = PBXGroup;
			children = (
				B86628712263EF0400734189 /* TripTableViewCell.swift */,
			);
			path = Views;
			sourceTree = "<group>";
		};
		B86F96132252E5C500933050 /* Controllers */ = {
			isa = PBXGroup;
			children = (
				B866286D2263BDBC00734189 /* HomePageViewController.swift */,
				B86628732263F43600734189 /* AddTripViewController.swift */,
			);
			path = Controllers;
			sourceTree = "<group>";
		};
		B86F96142252E5CB00933050 /* Networking */ = {
			isa = PBXGroup;
			children = (
			);
			path = Networking;
			sourceTree = "<group>";
		};
		B86F96152252E5D400933050 /* Caching */ = {
			isa = PBXGroup;
			children = (
			);
			path = Caching;
			sourceTree = "<group>";
		};
		B86F96162252E5DF00933050 /* Helpers */ = {
			isa = PBXGroup;
			children = (
				B866286F2263BFC500734189 /* Helper.swift */,
			);
			path = Helpers;
			sourceTree = "<group>";
		};
		B86F96172252E5E600933050 /* Supporting Files */ = {
			isa = PBXGroup;
			children = (
			);
			path = "Supporting Files";
			sourceTree = "<group>";
		};
		ED6264C28468593113C4EE8E /* Frameworks */ = {
			isa = PBXGroup;
			children = (
				B8582B4FA6ED5B68DE4345D0 /* Pods_TripStop.framework */,
				1D1D9CE930E85A7E4B738BBE /* Pods_TripStopTests.framework */,
				39DDB6C12FF289E8A0974570 /* Pods_TripStopUITests.framework */,
			);
			name = Frameworks;
			sourceTree = "<group>";
		};
/* End PBXGroup section */

/* Begin PBXNativeTarget section */
		B86F95DC2252CCCC00933050 /* TripStop */ = {
			isa = PBXNativeTarget;
			buildConfigurationList = B86F96082252CCCE00933050 /* Build configuration list for PBXNativeTarget "TripStop" */;
			buildPhases = (
				0F8A8E4165672C50290DF3F1 /* [CP] Check Pods Manifest.lock */,
				B86F95D92252CCCC00933050 /* Sources */,
				B86F95DA2252CCCC00933050 /* Frameworks */,
				B86F95DB2252CCCC00933050 /* Resources */,
				5ADF49AC1F7662CE4C10DD53 /* [CP] Embed Pods Frameworks */,
			);
			buildRules = (
			);
			dependencies = (
			);
			name = TripStop;
			productName = TripStop;
			productReference = B86F95DD2252CCCC00933050 /* TripStop.app */;
			productType = "com.apple.product-type.application";
		};
		B86F95F32252CCCE00933050 /* TripStopTests */ = {
			isa = PBXNativeTarget;
			buildConfigurationList = B86F960B2252CCCE00933050 /* Build configuration list for PBXNativeTarget "TripStopTests" */;
			buildPhases = (
				179D60BF142C3642ADEE0AF2 /* [CP] Check Pods Manifest.lock */,
				B86F95F02252CCCE00933050 /* Sources */,
				B86F95F12252CCCE00933050 /* Frameworks */,
				B86F95F22252CCCE00933050 /* Resources */,
			);
			buildRules = (
			);
			dependencies = (
				B86F95F62252CCCE00933050 /* PBXTargetDependency */,
			);
			name = TripStopTests;
			productName = TripStopTests;
			productReference = B86F95F42252CCCE00933050 /* TripStopTests.xctest */;
			productType = "com.apple.product-type.bundle.unit-test";
		};
		B86F95FE2252CCCE00933050 /* TripStopUITests */ = {
			isa = PBXNativeTarget;
			buildConfigurationList = B86F960E2252CCCE00933050 /* Build configuration list for PBXNativeTarget "TripStopUITests" */;
			buildPhases = (
				09D9BDBFFA2537B010E35EE9 /* [CP] Check Pods Manifest.lock */,
				B86F95FB2252CCCE00933050 /* Sources */,
				B86F95FC2252CCCE00933050 /* Frameworks */,
				B86F95FD2252CCCE00933050 /* Resources */,
			);
			buildRules = (
			);
			dependencies = (
				B86F96012252CCCE00933050 /* PBXTargetDependency */,
			);
			name = TripStopUITests;
			productName = TripStopUITests;
			productReference = B86F95FF2252CCCE00933050 /* TripStopUITests.xctest */;
			productType = "com.apple.product-type.bundle.ui-testing";
		};
/* End PBXNativeTarget section */

/* Begin PBXProject section */
		B86F95D52252CCCC00933050 /* Project object */ = {
			isa = PBXProject;
			attributes = {
				LastSwiftUpdateCheck = 1010;
				LastUpgradeCheck = 1010;
				ORGANIZATIONNAME = "Medi Assumani";
				TargetAttributes = {
					B86F95DC2252CCCC00933050 = {
						CreatedOnToolsVersion = 10.1;
					};
					B86F95F32252CCCE00933050 = {
						CreatedOnToolsVersion = 10.1;
						TestTargetID = B86F95DC2252CCCC00933050;
					};
					B86F95FE2252CCCE00933050 = {
						CreatedOnToolsVersion = 10.1;
						TestTargetID = B86F95DC2252CCCC00933050;
					};
				};
			};
			buildConfigurationList = B86F95D82252CCCC00933050 /* Build configuration list for PBXProject "TripStop" */;
			compatibilityVersion = "Xcode 9.3";
			developmentRegion = en;
			hasScannedForEncodings = 0;
			knownRegions = (
				en,
				Base,
			);
			mainGroup = B86F95D42252CCCC00933050;
			productRefGroup = B86F95DE2252CCCC00933050 /* Products */;
			projectDirPath = "";
			projectRoot = "";
			targets = (
				B86F95DC2252CCCC00933050 /* TripStop */,
				B86F95F32252CCCE00933050 /* TripStopTests */,
				B86F95FE2252CCCE00933050 /* TripStopUITests */,
			);
		};
/* End PBXProject section */

/* Begin PBXResourcesBuildPhase section */
		B86F95DB2252CCCC00933050 /* Resources */ = {
			isa = PBXResourcesBuildPhase;
			buildActionMask = 2147483647;
			files = (
				B86F95EE2252CCCE00933050 /* LaunchScreen.storyboard in Resources */,
				B86F95EB2252CCCE00933050 /* Assets.xcassets in Resources */,
				B86F95E62252CCCC00933050 /* Main.storyboard in Resources */,
			);
			runOnlyForDeploymentPostprocessing = 0;
		};
		B86F95F22252CCCE00933050 /* Resources */ = {
			isa = PBXResourcesBuildPhase;
			buildActionMask = 2147483647;
			files = (
			);
			runOnlyForDeploymentPostprocessing = 0;
		};
		B86F95FD2252CCCE00933050 /* Resources */ = {
			isa = PBXResourcesBuildPhase;
			buildActionMask = 2147483647;
			files = (
			);
			runOnlyForDeploymentPostprocessing = 0;
		};
/* End PBXResourcesBuildPhase section */

/* Begin PBXShellScriptBuildPhase section */
		09D9BDBFFA2537B010E35EE9 /* [CP] Check Pods Manifest.lock */ = {
			isa = PBXShellScriptBuildPhase;
			buildActionMask = 2147483647;
			files = (
			);
			inputFileListPaths = (
			);
			inputPaths = (
				"${PODS_PODFILE_DIR_PATH}/Podfile.lock",
				"${PODS_ROOT}/Manifest.lock",
			);
			name = "[CP] Check Pods Manifest.lock";
			outputFileListPaths = (
			);
			outputPaths = (
				"$(DERIVED_FILE_DIR)/Pods-TripStopUITests-checkManifestLockResult.txt",
			);
			runOnlyForDeploymentPostprocessing = 0;
			shellPath = /bin/sh;
			shellScript = "diff \"${PODS_PODFILE_DIR_PATH}/Podfile.lock\" \"${PODS_ROOT}/Manifest.lock\" > /dev/null\nif [ $? != 0 ] ; then\n    # print error to STDERR\n    echo \"error: The sandbox is not in sync with the Podfile.lock. Run 'pod install' or update your CocoaPods installation.\" >&2\n    exit 1\nfi\n# This output is used by Xcode 'outputs' to avoid re-running this script phase.\necho \"SUCCESS\" > \"${SCRIPT_OUTPUT_FILE_0}\"\n";
			showEnvVarsInLog = 0;
		};
		0F8A8E4165672C50290DF3F1 /* [CP] Check Pods Manifest.lock */ = {
			isa = PBXShellScriptBuildPhase;
			buildActionMask = 2147483647;
			files = (
			);
			inputFileListPaths = (
			);
			inputPaths = (
				"${PODS_PODFILE_DIR_PATH}/Podfile.lock",
				"${PODS_ROOT}/Manifest.lock",
			);
			name = "[CP] Check Pods Manifest.lock";
			outputFileListPaths = (
			);
			outputPaths = (
				"$(DERIVED_FILE_DIR)/Pods-TripStop-checkManifestLockResult.txt",
			);
			runOnlyForDeploymentPostprocessing = 0;
			shellPath = /bin/sh;
			shellScript = "diff \"${PODS_PODFILE_DIR_PATH}/Podfile.lock\" \"${PODS_ROOT}/Manifest.lock\" > /dev/null\nif [ $? != 0 ] ; then\n    # print error to STDERR\n    echo \"error: The sandbox is not in sync with the Podfile.lock. Run 'pod install' or update your CocoaPods installation.\" >&2\n    exit 1\nfi\n# This output is used by Xcode 'outputs' to avoid re-running this script phase.\necho \"SUCCESS\" > \"${SCRIPT_OUTPUT_FILE_0}\"\n";
			showEnvVarsInLog = 0;
		};
		179D60BF142C3642ADEE0AF2 /* [CP] Check Pods Manifest.lock */ = {
			isa = PBXShellScriptBuildPhase;
			buildActionMask = 2147483647;
			files = (
			);
			inputFileListPaths = (
			);
			inputPaths = (
				"${PODS_PODFILE_DIR_PATH}/Podfile.lock",
				"${PODS_ROOT}/Manifest.lock",
			);
			name = "[CP] Check Pods Manifest.lock";
			outputFileListPaths = (
			);
			outputPaths = (
				"$(DERIVED_FILE_DIR)/Pods-TripStopTests-checkManifestLockResult.txt",
			);
			runOnlyForDeploymentPostprocessing = 0;
			shellPath = /bin/sh;
			shellScript = "diff \"${PODS_PODFILE_DIR_PATH}/Podfile.lock\" \"${PODS_ROOT}/Manifest.lock\" > /dev/null\nif [ $? != 0 ] ; then\n    # print error to STDERR\n    echo \"error: The sandbox is not in sync with the Podfile.lock. Run 'pod install' or update your CocoaPods installation.\" >&2\n    exit 1\nfi\n# This output is used by Xcode 'outputs' to avoid re-running this script phase.\necho \"SUCCESS\" > \"${SCRIPT_OUTPUT_FILE_0}\"\n";
			showEnvVarsInLog = 0;
		};
		5ADF49AC1F7662CE4C10DD53 /* [CP] Embed Pods Frameworks */ = {
			isa = PBXShellScriptBuildPhase;
			buildActionMask = 2147483647;
			files = (
			);
			inputFileListPaths = (
			);
			inputPaths = (
				"${PODS_ROOT}/Target Support Files/Pods-TripStop/Pods-TripStop-frameworks.sh",
				"${BUILT_PRODUCTS_DIR}/KeychainSwift/KeychainSwift.framework",
				"${BUILT_PRODUCTS_DIR}/SnapKit/SnapKit.framework",
			);
			name = "[CP] Embed Pods Frameworks";
			outputFileListPaths = (
			);
			outputPaths = (
				"${TARGET_BUILD_DIR}/${FRAMEWORKS_FOLDER_PATH}/KeychainSwift.framework",
				"${TARGET_BUILD_DIR}/${FRAMEWORKS_FOLDER_PATH}/SnapKit.framework",
			);
			runOnlyForDeploymentPostprocessing = 0;
			shellPath = /bin/sh;
			shellScript = "\"${PODS_ROOT}/Target Support Files/Pods-TripStop/Pods-TripStop-frameworks.sh\"\n";
			showEnvVarsInLog = 0;
		};
/* End PBXShellScriptBuildPhase section */

/* Begin PBXSourcesBuildPhase section */
		B86F95D92252CCCC00933050 /* Sources */ = {
			isa = PBXSourcesBuildPhase;
			buildActionMask = 2147483647;
			files = (
				B89E1FB62263B77600E31329 /* User.swift in Sources */,
				B86628722263EF0400734189 /* TripTableViewCell.swift in Sources */,
				B86F95E32252CCCC00933050 /* ViewController.swift in Sources */,
				B86F95E12252CCCC00933050 /* AppDelegate.swift in Sources */,
				B866286E2263BDBC00734189 /* HomePageViewController.swift in Sources */,
				B86628742263F43600734189 /* AddTripViewController.swift in Sources */,
				B86F95E92252CCCC00933050 /* TripStop.xcdatamodeld in Sources */,
				B86628702263BFC500734189 /* Helper.swift in Sources */,
			);
			runOnlyForDeploymentPostprocessing = 0;
		};
		B86F95F02252CCCE00933050 /* Sources */ = {
			isa = PBXSourcesBuildPhase;
			buildActionMask = 2147483647;
			files = (
				B86F95F92252CCCE00933050 /* TripStopTests.swift in Sources */,
			);
			runOnlyForDeploymentPostprocessing = 0;
		};
		B86F95FB2252CCCE00933050 /* Sources */ = {
			isa = PBXSourcesBuildPhase;
			buildActionMask = 2147483647;
			files = (
				B86F96042252CCCE00933050 /* TripStopUITests.swift in Sources */,
			);
			runOnlyForDeploymentPostprocessing = 0;
		};
/* End PBXSourcesBuildPhase section */

/* Begin PBXTargetDependency section */
		B86F95F62252CCCE00933050 /* PBXTargetDependency */ = {
			isa = PBXTargetDependency;
			target = B86F95DC2252CCCC00933050 /* TripStop */;
			targetProxy = B86F95F52252CCCE00933050 /* PBXContainerItemProxy */;
		};
		B86F96012252CCCE00933050 /* PBXTargetDependency */ = {
			isa = PBXTargetDependency;
			target = B86F95DC2252CCCC00933050 /* TripStop */;
			targetProxy = B86F96002252CCCE00933050 /* PBXContainerItemProxy */;
		};
/* End PBXTargetDependency section */

/* Begin PBXVariantGroup section */
		B86F95E42252CCCC00933050 /* Main.storyboard */ = {
			isa = PBXVariantGroup;
			children = (
				B86F95E52252CCCC00933050 /* Base */,
			);
			name = Main.storyboard;
			sourceTree = "<group>";
		};
		B86F95EC2252CCCE00933050 /* LaunchScreen.storyboard */ = {
			isa = PBXVariantGroup;
			children = (
				B86F95ED2252CCCE00933050 /* Base */,
			);
			name = LaunchScreen.storyboard;
			sourceTree = "<group>";
		};
/* End PBXVariantGroup section */

/* Begin XCBuildConfiguration section */
		B86F96062252CCCE00933050 /* Debug */ = {
			isa = XCBuildConfiguration;
			buildSettings = {
				ALWAYS_SEARCH_USER_PATHS = NO;
				CLANG_ANALYZER_NONNULL = YES;
				CLANG_ANALYZER_NUMBER_OBJECT_CONVERSION = YES_AGGRESSIVE;
				CLANG_CXX_LANGUAGE_STANDARD = "gnu++14";
				CLANG_CXX_LIBRARY = "libc++";
				CLANG_ENABLE_MODULES = YES;
				CLANG_ENABLE_OBJC_ARC = YES;
				CLANG_ENABLE_OBJC_WEAK = YES;
				CLANG_WARN_BLOCK_CAPTURE_AUTORELEASING = YES;
				CLANG_WARN_BOOL_CONVERSION = YES;
				CLANG_WARN_COMMA = YES;
				CLANG_WARN_CONSTANT_CONVERSION = YES;
				CLANG_WARN_DEPRECATED_OBJC_IMPLEMENTATIONS = YES;
				CLANG_WARN_DIRECT_OBJC_ISA_USAGE = YES_ERROR;
				CLANG_WARN_DOCUMENTATION_COMMENTS = YES;
				CLANG_WARN_EMPTY_BODY = YES;
				CLANG_WARN_ENUM_CONVERSION = YES;
				CLANG_WARN_INFINITE_RECURSION = YES;
				CLANG_WARN_INT_CONVERSION = YES;
				CLANG_WARN_NON_LITERAL_NULL_CONVERSION = YES;
				CLANG_WARN_OBJC_IMPLICIT_RETAIN_SELF = YES;
				CLANG_WARN_OBJC_LITERAL_CONVERSION = YES;
				CLANG_WARN_OBJC_ROOT_CLASS = YES_ERROR;
				CLANG_WARN_RANGE_LOOP_ANALYSIS = YES;
				CLANG_WARN_STRICT_PROTOTYPES = YES;
				CLANG_WARN_SUSPICIOUS_MOVE = YES;
				CLANG_WARN_UNGUARDED_AVAILABILITY = YES_AGGRESSIVE;
				CLANG_WARN_UNREACHABLE_CODE = YES;
				CLANG_WARN__DUPLICATE_METHOD_MATCH = YES;
				CODE_SIGN_IDENTITY = "iPhone Developer";
				COPY_PHASE_STRIP = NO;
				DEBUG_INFORMATION_FORMAT = dwarf;
				ENABLE_STRICT_OBJC_MSGSEND = YES;
				ENABLE_TESTABILITY = YES;
				GCC_C_LANGUAGE_STANDARD = gnu11;
				GCC_DYNAMIC_NO_PIC = NO;
				GCC_NO_COMMON_BLOCKS = YES;
				GCC_OPTIMIZATION_LEVEL = 0;
				GCC_PREPROCESSOR_DEFINITIONS = (
					"DEBUG=1",
					"$(inherited)",
				);
				GCC_WARN_64_TO_32_BIT_CONVERSION = YES;
				GCC_WARN_ABOUT_RETURN_TYPE = YES_ERROR;
				GCC_WARN_UNDECLARED_SELECTOR = YES;
				GCC_WARN_UNINITIALIZED_AUTOS = YES_AGGRESSIVE;
				GCC_WARN_UNUSED_FUNCTION = YES;
				GCC_WARN_UNUSED_VARIABLE = YES;
				IPHONEOS_DEPLOYMENT_TARGET = 12.1;
				MTL_ENABLE_DEBUG_INFO = INCLUDE_SOURCE;
				MTL_FAST_MATH = YES;
				ONLY_ACTIVE_ARCH = YES;
				SDKROOT = iphoneos;
				SWIFT_ACTIVE_COMPILATION_CONDITIONS = DEBUG;
				SWIFT_OPTIMIZATION_LEVEL = "-Onone";
			};
			name = Debug;
		};
		B86F96072252CCCE00933050 /* Release */ = {
			isa = XCBuildConfiguration;
			buildSettings = {
				ALWAYS_SEARCH_USER_PATHS = NO;
				CLANG_ANALYZER_NONNULL = YES;
				CLANG_ANALYZER_NUMBER_OBJECT_CONVERSION = YES_AGGRESSIVE;
				CLANG_CXX_LANGUAGE_STANDARD = "gnu++14";
				CLANG_CXX_LIBRARY = "libc++";
				CLANG_ENABLE_MODULES = YES;
				CLANG_ENABLE_OBJC_ARC = YES;
				CLANG_ENABLE_OBJC_WEAK = YES;
				CLANG_WARN_BLOCK_CAPTURE_AUTORELEASING = YES;
				CLANG_WARN_BOOL_CONVERSION = YES;
				CLANG_WARN_COMMA = YES;
				CLANG_WARN_CONSTANT_CONVERSION = YES;
				CLANG_WARN_DEPRECATED_OBJC_IMPLEMENTATIONS = YES;
				CLANG_WARN_DIRECT_OBJC_ISA_USAGE = YES_ERROR;
				CLANG_WARN_DOCUMENTATION_COMMENTS = YES;
				CLANG_WARN_EMPTY_BODY = YES;
				CLANG_WARN_ENUM_CONVERSION = YES;
				CLANG_WARN_INFINITE_RECURSION = YES;
				CLANG_WARN_INT_CONVERSION = YES;
				CLANG_WARN_NON_LITERAL_NULL_CONVERSION = YES;
				CLANG_WARN_OBJC_IMPLICIT_RETAIN_SELF = YES;
				CLANG_WARN_OBJC_LITERAL_CONVERSION = YES;
				CLANG_WARN_OBJC_ROOT_CLASS = YES_ERROR;
				CLANG_WARN_RANGE_LOOP_ANALYSIS = YES;
				CLANG_WARN_STRICT_PROTOTYPES = YES;
				CLANG_WARN_SUSPICIOUS_MOVE = YES;
				CLANG_WARN_UNGUARDED_AVAILABILITY = YES_AGGRESSIVE;
				CLANG_WARN_UNREACHABLE_CODE = YES;
				CLANG_WARN__DUPLICATE_METHOD_MATCH = YES;
				CODE_SIGN_IDENTITY = "iPhone Developer";
				COPY_PHASE_STRIP = NO;
				DEBUG_INFORMATION_FORMAT = "dwarf-with-dsym";
				ENABLE_NS_ASSERTIONS = NO;
				ENABLE_STRICT_OBJC_MSGSEND = YES;
				GCC_C_LANGUAGE_STANDARD = gnu11;
				GCC_NO_COMMON_BLOCKS = YES;
				GCC_WARN_64_TO_32_BIT_CONVERSION = YES;
				GCC_WARN_ABOUT_RETURN_TYPE = YES_ERROR;
				GCC_WARN_UNDECLARED_SELECTOR = YES;
				GCC_WARN_UNINITIALIZED_AUTOS = YES_AGGRESSIVE;
				GCC_WARN_UNUSED_FUNCTION = YES;
				GCC_WARN_UNUSED_VARIABLE = YES;
				IPHONEOS_DEPLOYMENT_TARGET = 12.1;
				MTL_ENABLE_DEBUG_INFO = NO;
				MTL_FAST_MATH = YES;
				SDKROOT = iphoneos;
				SWIFT_COMPILATION_MODE = wholemodule;
				SWIFT_OPTIMIZATION_LEVEL = "-O";
				VALIDATE_PRODUCT = YES;
			};
			name = Release;
		};
		B86F96092252CCCE00933050 /* Debug */ = {
			isa = XCBuildConfiguration;
			baseConfigurationReference = 0E2D9692004D29ACB09AFF36 /* Pods-TripStop.debug.xcconfig */;
			buildSettings = {
				ASSETCATALOG_COMPILER_APPICON_NAME = AppIcon;
				CODE_SIGN_STYLE = Automatic;
				DEVELOPMENT_TEAM = 966X5T4Q98;
				INFOPLIST_FILE = TripStop/Info.plist;
				LD_RUNPATH_SEARCH_PATHS = (
					"$(inherited)",
					"@executable_path/Frameworks",
				);
				PRODUCT_BUNDLE_IDENTIFIER = mediassumani.TripStop;
				PRODUCT_NAME = "$(TARGET_NAME)";
				SWIFT_VERSION = 4.2;
				TARGETED_DEVICE_FAMILY = "1,2";
			};
			name = Debug;
		};
		B86F960A2252CCCE00933050 /* Release */ = {
			isa = XCBuildConfiguration;
			baseConfigurationReference = 0BA806A7AE00605EAA47E6E5 /* Pods-TripStop.release.xcconfig */;
			buildSettings = {
				ASSETCATALOG_COMPILER_APPICON_NAME = AppIcon;
				CODE_SIGN_STYLE = Automatic;
				DEVELOPMENT_TEAM = 966X5T4Q98;
				INFOPLIST_FILE = TripStop/Info.plist;
				LD_RUNPATH_SEARCH_PATHS = (
					"$(inherited)",
					"@executable_path/Frameworks",
				);
				PRODUCT_BUNDLE_IDENTIFIER = mediassumani.TripStop;
				PRODUCT_NAME = "$(TARGET_NAME)";
				SWIFT_VERSION = 4.2;
				TARGETED_DEVICE_FAMILY = "1,2";
			};
			name = Release;
		};
		B86F960C2252CCCE00933050 /* Debug */ = {
			isa = XCBuildConfiguration;
			baseConfigurationReference = 7EE4B287D62C8E7043D664B3 /* Pods-TripStopTests.debug.xcconfig */;
			buildSettings = {
				ALWAYS_EMBED_SWIFT_STANDARD_LIBRARIES = YES;
				BUNDLE_LOADER = "$(TEST_HOST)";
				CODE_SIGN_STYLE = Automatic;
				DEVELOPMENT_TEAM = 966X5T4Q98;
				INFOPLIST_FILE = TripStopTests/Info.plist;
				LD_RUNPATH_SEARCH_PATHS = (
					"$(inherited)",
					"@executable_path/Frameworks",
					"@loader_path/Frameworks",
				);
				PRODUCT_BUNDLE_IDENTIFIER = mediassumani.TripStopTests;
				PRODUCT_NAME = "$(TARGET_NAME)";
				SWIFT_VERSION = 4.2;
				TARGETED_DEVICE_FAMILY = "1,2";
				TEST_HOST = "$(BUILT_PRODUCTS_DIR)/TripStop.app/TripStop";
			};
			name = Debug;
		};
		B86F960D2252CCCE00933050 /* Release */ = {
			isa = XCBuildConfiguration;
			baseConfigurationReference = 6B774551E87DD9BB765C3248 /* Pods-TripStopTests.release.xcconfig */;
			buildSettings = {
				ALWAYS_EMBED_SWIFT_STANDARD_LIBRARIES = YES;
				BUNDLE_LOADER = "$(TEST_HOST)";
				CODE_SIGN_STYLE = Automatic;
				DEVELOPMENT_TEAM = 966X5T4Q98;
				INFOPLIST_FILE = TripStopTests/Info.plist;
				LD_RUNPATH_SEARCH_PATHS = (
					"$(inherited)",
					"@executable_path/Frameworks",
					"@loader_path/Frameworks",
				);
				PRODUCT_BUNDLE_IDENTIFIER = mediassumani.TripStopTests;
				PRODUCT_NAME = "$(TARGET_NAME)";
				SWIFT_VERSION = 4.2;
				TARGETED_DEVICE_FAMILY = "1,2";
				TEST_HOST = "$(BUILT_PRODUCTS_DIR)/TripStop.app/TripStop";
			};
			name = Release;
		};
		B86F960F2252CCCE00933050 /* Debug */ = {
			isa = XCBuildConfiguration;
			baseConfigurationReference = 9B628AAEEDD3691CB61A97ED /* Pods-TripStopUITests.debug.xcconfig */;
			buildSettings = {
				ALWAYS_EMBED_SWIFT_STANDARD_LIBRARIES = YES;
				CODE_SIGN_STYLE = Automatic;
				DEVELOPMENT_TEAM = 966X5T4Q98;
				INFOPLIST_FILE = TripStopUITests/Info.plist;
				LD_RUNPATH_SEARCH_PATHS = (
					"$(inherited)",
					"@executable_path/Frameworks",
					"@loader_path/Frameworks",
				);
				PRODUCT_BUNDLE_IDENTIFIER = mediassumani.TripStopUITests;
				PRODUCT_NAME = "$(TARGET_NAME)";
				SWIFT_VERSION = 4.2;
				TARGETED_DEVICE_FAMILY = "1,2";
				TEST_TARGET_NAME = TripStop;
			};
			name = Debug;
		};
		B86F96102252CCCE00933050 /* Release */ = {
			isa = XCBuildConfiguration;
			baseConfigurationReference = 295A571FA1141C0D639C2FE9 /* Pods-TripStopUITests.release.xcconfig */;
			buildSettings = {
				ALWAYS_EMBED_SWIFT_STANDARD_LIBRARIES = YES;
				CODE_SIGN_STYLE = Automatic;
				DEVELOPMENT_TEAM = 966X5T4Q98;
				INFOPLIST_FILE = TripStopUITests/Info.plist;
				LD_RUNPATH_SEARCH_PATHS = (
					"$(inherited)",
					"@executable_path/Frameworks",
					"@loader_path/Frameworks",
				);
				PRODUCT_BUNDLE_IDENTIFIER = mediassumani.TripStopUITests;
				PRODUCT_NAME = "$(TARGET_NAME)";
				SWIFT_VERSION = 4.2;
				TARGETED_DEVICE_FAMILY = "1,2";
				TEST_TARGET_NAME = TripStop;
			};
			name = Release;
		};
/* End XCBuildConfiguration section */

/* Begin XCConfigurationList section */
		B86F95D82252CCCC00933050 /* Build configuration list for PBXProject "TripStop" */ = {
			isa = XCConfigurationList;
			buildConfigurations = (
				B86F96062252CCCE00933050 /* Debug */,
				B86F96072252CCCE00933050 /* Release */,
			);
			defaultConfigurationIsVisible = 0;
			defaultConfigurationName = Release;
		};
		B86F96082252CCCE00933050 /* Build configuration list for PBXNativeTarget "TripStop" */ = {
			isa = XCConfigurationList;
			buildConfigurations = (
				B86F96092252CCCE00933050 /* Debug */,
				B86F960A2252CCCE00933050 /* Release */,
			);
			defaultConfigurationIsVisible = 0;
			defaultConfigurationName = Release;
		};
		B86F960B2252CCCE00933050 /* Build configuration list for PBXNativeTarget "TripStopTests" */ = {
			isa = XCConfigurationList;
			buildConfigurations = (
				B86F960C2252CCCE00933050 /* Debug */,
				B86F960D2252CCCE00933050 /* Release */,
			);
			defaultConfigurationIsVisible = 0;
			defaultConfigurationName = Release;
		};
		B86F960E2252CCCE00933050 /* Build configuration list for PBXNativeTarget "TripStopUITests" */ = {
			isa = XCConfigurationList;
			buildConfigurations = (
				B86F960F2252CCCE00933050 /* Debug */,
				B86F96102252CCCE00933050 /* Release */,
			);
			defaultConfigurationIsVisible = 0;
			defaultConfigurationName = Release;
		};
/* End XCConfigurationList section */

/* Begin XCVersionGroup section */
		B86F95E72252CCCC00933050 /* TripStop.xcdatamodeld */ = {
			isa = XCVersionGroup;
			children = (
				B86F95E82252CCCC00933050 /* TripStop.xcdatamodel */,
			);
			currentVersion = B86F95E82252CCCC00933050 /* TripStop.xcdatamodel */;
			path = TripStop.xcdatamodeld;
			sourceTree = "<group>";
			versionGroupType = wrapper.xcdatamodel;
		};
/* End XCVersionGroup section */
	};
	rootObject = B86F95D52252CCCC00933050 /* Project object */;
}
